{
    "_readme": [
        "This file locks the dependencies of your project to a known state",
        "Read more about it at http://getcomposer.org/doc/01-basic-usage.md#composer-lock-the-lock-file"
    ],
    "hash": "e46b039149c6d47cdd32ab46f626b0b8",
    "packages": [
        {
            "name": "inori/banklink",
            "version": "v0.2.4",
            "source": {
                "type": "git",
                "url": "https://github.com/Inori/Banklink.git",
                "reference": "v0.2.4"
            },
            "dist": {
                "type": "zip",
                "url": "https://api.github.com/repos/Inori/Banklink/zipball/v0.2.4",
                "reference": "v0.2.4",
                "shasum": ""
            },
            "require": {
                "ext-mbstring": "*",
                "lib-openssl": "*",
                "php": ">=5.3.3"
            },
            "type": "library",
            "autoload": {
                "psr-0": {
                    "Banklink": "src/"
                }
            },
            "notification-url": "https://packagist.org/downloads/",
            "license": [
                "MIT"
            ],
            "authors": [
                {
                    "name": "Roman Marintšenko",
                    "email": "inoryy@gmail.com"
                }
            ],
            "description": "Banklink is a PHP library that makes integrating various Baltic banks internet services ('bank links') easy, fast and reliable.",
            "keywords": [
                "Baltic bank services",
                "Banklink",
                "Pangalink"
            ],
            "time": "2013-05-18 15:04:55"
        }
    ],
    "packages-dev": [

    ],
    "aliases": [

    ],
    "minimum-stability": "stable",
    "stability-flags": [

    ],
    "platform": [

    ],
    "platform-dev": [

    ]
}
